
Microsoft Visual Studio Solution File, Format Version 12.00
# Visual Studio 15
VisualStudioVersion = 15.0.28307.168
MinimumVisualStudioVersion = 10.0.40219.1
Project("{FAE04EC0-301F-11D3-BF4B-00C04F79EFBC}") = "c0723560_week05", "c0723560_week05\c0723560_week05.csproj", "{2D0CCE1D-C35D-4A56-BA0D-8A92DCEA757D}"
EndProject
Global
	GlobalSection(SolutionConfigurationPlatforms) = preSolution
		Debug|Any CPU = Debug|Any CPU
		Release|Any CPU = Release|Any CPU
	EndGlobalSection
	GlobalSection(ProjectConfigurationPlatforms) = postSolution
		{2D0CCE1D-C35D-4A56-BA0D-8A92DCEA757D}.Debug|Any CPU.ActiveCfg = Debug|Any CPU
		{2D0CCE1D-C35D-4A56-BA0D-8A92DCEA757D}.Debug|Any CPU.Build.0 = Debug|Any CPU
		{2D0CCE1D-C35D-4A56-BA0D-8A92DCEA757D}.Release|Any CPU.ActiveCfg = Release|Any CPU
		{2D0CCE1D-C35D-4A56-BA0D-8A92DCEA757D}.Release|Any CPU.Build.0 = Release|Any CPU
	EndGlobalSection
	GlobalSection(SolutionProperties) = preSolution
		HideSolutionNode = FALSE
	EndGlobalSection
	GlobalSection(ExtensibilityGlobals) = postSolution
		SolutionGuid = {08591D42-2F5F-47A1-8966-F3FDBD88AC09}
	EndGlobalSection
EndGlobal
